
Microsoft Visual Studio Solution File, Format Version 12.00
# Visual Studio Version 16
VisualStudioVersion = 16.0.31702.278
MinimumVisualStudioVersion = 10.0.40219.1
Project("{F184B08F-C81C-45F6-A57F-5ABD9991F28F}") = "GraaficaProyo2", "GraaficaProyo2\GraaficaProyo2.vbproj", "{17F4D5BC-01D4-42E4-A903-628FF2EF9625}"
EndProject
Global
	GlobalSection(SolutionConfigurationPlatforms) = preSolution
		Debug|Any CPU = Debug|Any CPU
		Release|Any CPU = Release|Any CPU
	EndGlobalSection
	GlobalSection(ProjectConfigurationPlatforms) = postSolution
		{17F4D5BC-01D4-42E4-A903-628FF2EF9625}.Debug|Any CPU.ActiveCfg = Debug|Any CPU
		{17F4D5BC-01D4-42E4-A903-628FF2EF9625}.Debug|Any CPU.Build.0 = Debug|Any CPU
		{17F4D5BC-01D4-42E4-A903-628FF2EF9625}.Release|Any CPU.ActiveCfg = Release|Any CPU
		{17F4D5BC-01D4-42E4-A903-628FF2EF9625}.Release|Any CPU.Build.0 = Release|Any CPU
	EndGlobalSection
	GlobalSection(SolutionProperties) = preSolution
		HideSolutionNode = FALSE
	EndGlobalSection
	GlobalSection(ExtensibilityGlobals) = postSolution
		SolutionGuid = {1207144E-9ED5-473F-8C62-D4C21EB7621E}
	EndGlobalSection
EndGlobal
